
Microsoft Visual Studio Solution File, Format Version 12.00
# Visual Studio Version 16
VisualStudioVersion = 16.0.30406.217
MinimumVisualStudioVersion = 10.0.40219.1
Project("{FAE04EC0-301F-11D3-BF4B-00C04F79EFBC}") = "PersonManagementSystem", "PersonManagementSystem\PersonManagementSystem.csproj", "{CDEF54B8-6008-4110-A1A7-E92B1484EC1B}"
EndProject
Global
	GlobalSection(SolutionConfigurationPlatforms) = preSolution
		Debug|Any CPU = Debug|Any CPU
		Release|Any CPU = Release|Any CPU
	EndGlobalSection
	GlobalSection(ProjectConfigurationPlatforms) = postSolution
		{CDEF54B8-6008-4110-A1A7-E92B1484EC1B}.Debug|Any CPU.ActiveCfg = Debug|Any CPU
		{CDEF54B8-6008-4110-A1A7-E92B1484EC1B}.Debug|Any CPU.Build.0 = Debug|Any CPU
		{CDEF54B8-6008-4110-A1A7-E92B1484EC1B}.Release|Any CPU.ActiveCfg = Release|Any CPU
		{CDEF54B8-6008-4110-A1A7-E92B1484EC1B}.Release|Any CPU.Build.0 = Release|Any CPU
	EndGlobalSection
	GlobalSection(SolutionProperties) = preSolution
		HideSolutionNode = FALSE
	EndGlobalSection
	GlobalSection(ExtensibilityGlobals) = postSolution
		SolutionGuid = {B940B1BB-B0EE-4FB8-B48E-5FEBE5C899C4}
	EndGlobalSection
EndGlobal
